
Microsoft Visual Studio Solution File, Format Version 12.00
# Visual Studio 2012
Project("{FAE04EC0-301F-11D3-BF4B-00C04F79EFBC}") = "ZED.Wpf.Train", "ZED.Wpf.Train\ZED.Wpf.Train.csproj", "{ACBD7C91-E0FD-43E0-9D33-D9A003FAFD9B}"
EndProject
Project("{2150E333-8FDC-42A3-9474-1A3956D46DE8}") = "ZED.Infrastructure", "ZED.Infrastructure", "{3BCEFCC6-30D8-4F95-BF65-1D9040678CBD}"
EndProject
Project("{FAE04EC0-301F-11D3-BF4B-00C04F79EFBC}") = "ZED.Train.Entiry", "ZED.Train.Entiry\ZED.Train.Entiry.csproj", "{0CCDD527-19A2-4977-AE9D-0173E1A1B000}"
EndProject
Project("{2150E333-8FDC-42A3-9474-1A3956D46DE8}") = "ZED.Serivce", "ZED.Serivce", "{7A75731B-B160-4A92-86AE-6F5004CCA09A}"
EndProject
Project("{2150E333-8FDC-42A3-9474-1A3956D46DE8}") = "ZED.UI", "ZED.UI", "{20E62686-4FB0-4E0C-B5E8-2E096148CE4F}"
EndProject
Project("{FAE04EC0-301F-11D3-BF4B-00C04F79EFBC}") = "ZED.Train.Common", "ZED.Train.Common\ZED.Train.Common.csproj", "{9117133A-A5B1-475B-86EF-5FA7B7F3BED7}"
EndProject
Project("{FAE04EC0-301F-11D3-BF4B-00C04F79EFBC}") = "ZED.Train.SOAP", "ZED.Train.SOAP\ZED.Train.SOAP.csproj", "{0D091138-2154-4B40-8FB5-7CCC04C7326B}"
EndProject
Project("{FAE04EC0-301F-11D3-BF4B-00C04F79EFBC}") = "ZED.Train.RESTful", "ZED.Train.RESTful\ZED.Train.RESTful.csproj", "{B7C3DDBE-321F-4E37-B9D6-643732D12851}"
EndProject
Project("{FAE04EC0-301F-11D3-BF4B-00C04F79EFBC}") = "ZED.CustomControl", "ZED.CustomControl\ZED.CustomControl.csproj", "{B2229E1E-0AA8-4309-B46B-52CCB0C6B1F5}"
EndProject
Project("{FAE04EC0-301F-11D3-BF4B-00C04F79EFBC}") = "ZED.AutoUpdate", "ZED.AutoUpdate\ZED.AutoUpdate.csproj", "{07C712F2-796A-4129-A22F-2F9BEFB05002}"
EndProject
Project("{FAE04EC0-301F-11D3-BF4B-00C04F79EFBC}") = "ZED.IVMS7200", "ZED.IVMS7200\ZED.IVMS7200.csproj", "{DA7384F7-896D-4A29-9209-0D8673375356}"
EndProject
Global
	GlobalSection(SolutionConfigurationPlatforms) = preSolution
		Debug|Any CPU = Debug|Any CPU
		Release|Any CPU = Release|Any CPU
	EndGlobalSection
	GlobalSection(ProjectConfigurationPlatforms) = postSolution
		{ACBD7C91-E0FD-43E0-9D33-D9A003FAFD9B}.Debug|Any CPU.ActiveCfg = Debug|Any CPU
		{ACBD7C91-E0FD-43E0-9D33-D9A003FAFD9B}.Debug|Any CPU.Build.0 = Debug|Any CPU
		{ACBD7C91-E0FD-43E0-9D33-D9A003FAFD9B}.Release|Any CPU.ActiveCfg = Release|Any CPU
		{ACBD7C91-E0FD-43E0-9D33-D9A003FAFD9B}.Release|Any CPU.Build.0 = Release|Any CPU
		{0CCDD527-19A2-4977-AE9D-0173E1A1B000}.Debug|Any CPU.ActiveCfg = Debug|Any CPU
		{0CCDD527-19A2-4977-AE9D-0173E1A1B000}.Debug|Any CPU.Build.0 = Debug|Any CPU
		{0CCDD527-19A2-4977-AE9D-0173E1A1B000}.Release|Any CPU.ActiveCfg = Release|Any CPU
		{0CCDD527-19A2-4977-AE9D-0173E1A1B000}.Release|Any CPU.Build.0 = Release|Any CPU
		{9117133A-A5B1-475B-86EF-5FA7B7F3BED7}.Debug|Any CPU.ActiveCfg = Debug|Any CPU
		{9117133A-A5B1-475B-86EF-5FA7B7F3BED7}.Debug|Any CPU.Build.0 = Debug|Any CPU
		{9117133A-A5B1-475B-86EF-5FA7B7F3BED7}.Release|Any CPU.ActiveCfg = Release|Any CPU
		{9117133A-A5B1-475B-86EF-5FA7B7F3BED7}.Release|Any CPU.Build.0 = Release|Any CPU
		{0D091138-2154-4B40-8FB5-7CCC04C7326B}.Debug|Any CPU.ActiveCfg = Debug|Any CPU
		{0D091138-2154-4B40-8FB5-7CCC04C7326B}.Debug|Any CPU.Build.0 = Debug|Any CPU
		{0D091138-2154-4B40-8FB5-7CCC04C7326B}.Release|Any CPU.ActiveCfg = Release|Any CPU
		{0D091138-2154-4B40-8FB5-7CCC04C7326B}.Release|Any CPU.Build.0 = Release|Any CPU
		{B7C3DDBE-321F-4E37-B9D6-643732D12851}.Debug|Any CPU.ActiveCfg = Debug|Any CPU
		{B7C3DDBE-321F-4E37-B9D6-643732D12851}.Debug|Any CPU.Build.0 = Debug|Any CPU
		{B7C3DDBE-321F-4E37-B9D6-643732D12851}.Release|Any CPU.ActiveCfg = Release|Any CPU
		{B7C3DDBE-321F-4E37-B9D6-643732D12851}.Release|Any CPU.Build.0 = Release|Any CPU
		{B2229E1E-0AA8-4309-B46B-52CCB0C6B1F5}.Debug|Any CPU.ActiveCfg = Debug|Any CPU
		{B2229E1E-0AA8-4309-B46B-52CCB0C6B1F5}.Debug|Any CPU.Build.0 = Debug|Any CPU
		{B2229E1E-0AA8-4309-B46B-52CCB0C6B1F5}.Release|Any CPU.ActiveCfg = Release|Any CPU
		{B2229E1E-0AA8-4309-B46B-52CCB0C6B1F5}.Release|Any CPU.Build.0 = Release|Any CPU
		{07C712F2-796A-4129-A22F-2F9BEFB05002}.Debug|Any CPU.ActiveCfg = Debug|Any CPU
		{07C712F2-796A-4129-A22F-2F9BEFB05002}.Debug|Any CPU.Build.0 = Debug|Any CPU
		{07C712F2-796A-4129-A22F-2F9BEFB05002}.Release|Any CPU.ActiveCfg = Release|Any CPU
		{07C712F2-796A-4129-A22F-2F9BEFB05002}.Release|Any CPU.Build.0 = Release|Any CPU
		{DA7384F7-896D-4A29-9209-0D8673375356}.Debug|Any CPU.ActiveCfg = Debug|Any CPU
		{DA7384F7-896D-4A29-9209-0D8673375356}.Debug|Any CPU.Build.0 = Debug|Any CPU
		{DA7384F7-896D-4A29-9209-0D8673375356}.Release|Any CPU.ActiveCfg = Release|Any CPU
		{DA7384F7-896D-4A29-9209-0D8673375356}.Release|Any CPU.Build.0 = Release|Any CPU
	EndGlobalSection
	GlobalSection(SolutionProperties) = preSolution
		HideSolutionNode = FALSE
	EndGlobalSection
	GlobalSection(NestedProjects) = preSolution
		{ACBD7C91-E0FD-43E0-9D33-D9A003FAFD9B} = {20E62686-4FB0-4E0C-B5E8-2E096148CE4F}
		{B2229E1E-0AA8-4309-B46B-52CCB0C6B1F5} = {20E62686-4FB0-4E0C-B5E8-2E096148CE4F}
		{07C712F2-796A-4129-A22F-2F9BEFB05002} = {20E62686-4FB0-4E0C-B5E8-2E096148CE4F}
		{0CCDD527-19A2-4977-AE9D-0173E1A1B000} = {3BCEFCC6-30D8-4F95-BF65-1D9040678CBD}
		{9117133A-A5B1-475B-86EF-5FA7B7F3BED7} = {3BCEFCC6-30D8-4F95-BF65-1D9040678CBD}
		{0D091138-2154-4B40-8FB5-7CCC04C7326B} = {7A75731B-B160-4A92-86AE-6F5004CCA09A}
		{B7C3DDBE-321F-4E37-B9D6-643732D12851} = {7A75731B-B160-4A92-86AE-6F5004CCA09A}
		{DA7384F7-896D-4A29-9209-0D8673375356} = {7A75731B-B160-4A92-86AE-6F5004CCA09A}
	EndGlobalSection
EndGlobal
